{
  "nodes": {
    "nixpkgs": {
      "locked": {
        "lastModified": 1612724341,
        "narHash": "sha256-MphQHTTKwAhrQNDVRvEV1FR6xTN8jvfT9YXRgj+fHtc=",
        "owner": "NixOS",
        "repo": "nixpkgs",
        "rev": "279e66e1067067416eb3e65602ed83efb55966bb",
        "type": "github"
      },
      "original": {
        "id": "nixpkgs",
        "type": "indirect"
      }
    },
    "root": {
      "inputs": {
        "nixpkgs": "nixpkgs"
      }
    }
  },
  "root": "root",
  "version": 7
}
